
Microsoft Visual Studio Solution File, Format Version 12.00
# Visual Studio Version 17
VisualStudioVersion = 17.7.34031.279
MinimumVisualStudioVersion = 10.0.40219.1
Project("{FAE04EC0-301F-11D3-BF4B-00C04F79EFBC}") = "PlatziWeb", "PlatziWeb\PlatziWeb.csproj", "{EC249D67-48F1-45BB-BCD6-E30C4D4BE248}"
EndProject
Global
	GlobalSection(SolutionConfigurationPlatforms) = preSolution
		Debug|Any CPU = Debug|Any CPU
		Release|Any CPU = Release|Any CPU
	EndGlobalSection
	GlobalSection(ProjectConfigurationPlatforms) = postSolution
		{EC249D67-48F1-45BB-BCD6-E30C4D4BE248}.Debug|Any CPU.ActiveCfg = Debug|Any CPU
		{EC249D67-48F1-45BB-BCD6-E30C4D4BE248}.Debug|Any CPU.Build.0 = Debug|Any CPU
		{EC249D67-48F1-45BB-BCD6-E30C4D4BE248}.Release|Any CPU.ActiveCfg = Release|Any CPU
		{EC249D67-48F1-45BB-BCD6-E30C4D4BE248}.Release|Any CPU.Build.0 = Release|Any CPU
	EndGlobalSection
	GlobalSection(SolutionProperties) = preSolution
		HideSolutionNode = FALSE
	EndGlobalSection
	GlobalSection(ExtensibilityGlobals) = postSolution
		SolutionGuid = {49F55FC3-7AE5-4446-A837-1B6F8B465A28}
	EndGlobalSection
EndGlobal
